// !$*UTF8*$!
{
	archiveVersion = 1;
	classes = {
	};
	objectVersion = 56;
	objects = {

/* Begin PBXBuildFile section */
		779401C82A24EF350074F61B /* APICaller.swift in Sources */ = {isa = PBXBuildFile; fileRef = 779401C72A24EF350074F61B /* APICaller.swift */; };
		779401CA2A24F5AD0074F61B /* Movies.swift in Sources */ = {isa = PBXBuildFile; fileRef = 779401C92A24F5AD0074F61B /* Movies.swift */; };
		779401CC2A24F5BE0074F61B /* TrendingMovies.swift in Sources */ = {isa = PBXBuildFile; fileRef = 779401CB2A24F5BE0074F61B /* TrendingMovies.swift */; };
		77C1EC952A1AE3EE004597D4 /* HeroHeaderUIVIew.swift in Sources */ = {isa = PBXBuildFile; fileRef = 77C1EC942A1AE3EE004597D4 /* HeroHeaderUIVIew.swift */; };
		77C3298D2A12F97C008F9CBF /* AppDelegate.swift in Sources */ = {isa = PBXBuildFile; fileRef = 77C3298C2A12F97C008F9CBF /* AppDelegate.swift */; };
		77C3298F2A12F97C008F9CBF /* SceneDelegate.swift in Sources */ = {isa = PBXBuildFile; fileRef = 77C3298E2A12F97C008F9CBF /* SceneDelegate.swift */; };
		77C329912A12F97C008F9CBF /* MainTabBarViewController.swift in Sources */ = {isa = PBXBuildFile; fileRef = 77C329902A12F97C008F9CBF /* MainTabBarViewController.swift */; };
		77C329962A12F97D008F9CBF /* Assets.xcassets in Resources */ = {isa = PBXBuildFile; fileRef = 77C329952A12F97D008F9CBF /* Assets.xcassets */; };
		77C329992A12F97D008F9CBF /* LaunchScreen.storyboard in Resources */ = {isa = PBXBuildFile; fileRef = 77C329972A12F97D008F9CBF /* LaunchScreen.storyboard */; };
		77C329A22A12FAD7008F9CBF /* HomeViewController.swift in Sources */ = {isa = PBXBuildFile; fileRef = 77C329A12A12FAD7008F9CBF /* HomeViewController.swift */; };
		77C329A42A12FAEC008F9CBF /* UpcomingViewController.swift in Sources */ = {isa = PBXBuildFile; fileRef = 77C329A32A12FAEC008F9CBF /* UpcomingViewController.swift */; };
		77C329A62A12FB00008F9CBF /* SearchViewController.swift in Sources */ = {isa = PBXBuildFile; fileRef = 77C329A52A12FB00008F9CBF /* SearchViewController.swift */; };
		77C329A82A12FB1C008F9CBF /* DownloadsViewController.swift in Sources */ = {isa = PBXBuildFile; fileRef = 77C329A72A12FB1C008F9CBF /* DownloadsViewController.swift */; };
		77C329B02A14505B008F9CBF /* CollectionViewTableViewCell.swift in Sources */ = {isa = PBXBuildFile; fileRef = 77C329AF2A14505B008F9CBF /* CollectionViewTableViewCell.swift */; };
/* End PBXBuildFile section */

/* Begin PBXFileReference section */
		779401C72A24EF350074F61B /* APICaller.swift */ = {isa = PBXFileReference; lastKnownFileType = sourcecode.swift; path = APICaller.swift; sourceTree = "<group>"; };
		779401C92A24F5AD0074F61B /* Movies.swift */ = {isa = PBXFileReference; lastKnownFileType = sourcecode.swift; path = Movies.swift; sourceTree = "<group>"; };
		779401CB2A24F5BE0074F61B /* TrendingMovies.swift */ = {isa = PBXFileReference; lastKnownFileType = sourcecode.swift; path = TrendingMovies.swift; sourceTree = "<group>"; };
		77C1EC942A1AE3EE004597D4 /* HeroHeaderUIVIew.swift */ = {isa = PBXFileReference; lastKnownFileType = sourcecode.swift; path = HeroHeaderUIVIew.swift; sourceTree = "<group>"; };
		77C329892A12F97C008F9CBF /* Netflix.app */ = {isa = PBXFileReference; explicitFileType = wrapper.application; includeInIndex = 0; path = Netflix.app; sourceTree = BUILT_PRODUCTS_DIR; };
		77C3298C2A12F97C008F9CBF /* AppDelegate.swift */ = {isa = PBXFileReference; lastKnownFileType = sourcecode.swift; path = AppDelegate.swift; sourceTree = "<group>"; };
		77C3298E2A12F97C008F9CBF /* SceneDelegate.swift */ = {isa = PBXFileReference; lastKnownFileType = sourcecode.swift; path = SceneDelegate.swift; sourceTree = "<group>"; };
		77C329902A12F97C008F9CBF /* MainTabBarViewController.swift */ = {isa = PBXFileReference; lastKnownFileType = sourcecode.swift; path = MainTabBarViewController.swift; sourceTree = "<group>"; };
		77C329952A12F97D008F9CBF /* Assets.xcassets */ = {isa = PBXFileReference; lastKnownFileType = folder.assetcatalog; path = Assets.xcassets; sourceTree = "<group>"; };
		77C329982A12F97D008F9CBF /* Base */ = {isa = PBXFileReference; lastKnownFileType = file.storyboard; name = Base; path = Base.lproj/LaunchScreen.storyboard; sourceTree = "<group>"; };
		77C3299A2A12F97D008F9CBF /* Info.plist */ = {isa = PBXFileReference; lastKnownFileType = text.plist.xml; path = Info.plist; sourceTree = "<group>"; };
		77C329A12A12FAD7008F9CBF /* HomeViewController.swift */ = {isa = PBXFileReference; lastKnownFileType = sourcecode.swift; path = HomeViewController.swift; sourceTree = "<group>"; };
		77C329A32A12FAEC008F9CBF /* UpcomingViewController.swift */ = {isa = PBXFileReference; lastKnownFileType = sourcecode.swift; path = UpcomingViewController.swift; sourceTree = "<group>"; };
		77C329A52A12FB00008F9CBF /* SearchViewController.swift */ = {isa = PBXFileReference; lastKnownFileType = sourcecode.swift; path = SearchViewController.swift; sourceTree = "<group>"; };
		77C329A72A12FB1C008F9CBF /* DownloadsViewController.swift */ = {isa = PBXFileReference; lastKnownFileType = sourcecode.swift; path = DownloadsViewController.swift; sourceTree = "<group>"; };
		77C329AF2A14505B008F9CBF /* CollectionViewTableViewCell.swift */ = {isa = PBXFileReference; lastKnownFileType = sourcecode.swift; path = CollectionViewTableViewCell.swift; sourceTree = "<group>"; };
/* End PBXFileReference section */

/* Begin PBXFrameworksBuildPhase section */
		77C329862A12F97C008F9CBF /* Frameworks */ = {
			isa = PBXFrameworksBuildPhase;
			buildActionMask = 2147483647;
			files = (
			);
			runOnlyForDeploymentPostprocessing = 0;
		};
/* End PBXFrameworksBuildPhase section */

/* Begin PBXGroup section */
		77C329802A12F97C008F9CBF = {
			isa = PBXGroup;
			children = (
				77C3298B2A12F97C008F9CBF /* Netflix */,
				77C3298A2A12F97C008F9CBF /* Products */,
			);
			sourceTree = "<group>";
		};
		77C3298A2A12F97C008F9CBF /* Products */ = {
			isa = PBXGroup;
			children = (
				77C329892A12F97C008F9CBF /* Netflix.app */,
			);
			name = Products;
			sourceTree = "<group>";
		};
		77C3298B2A12F97C008F9CBF /* Netflix */ = {
			isa = PBXGroup;
			children = (
				77C329AE2A145039008F9CBF /* Managers */,
				77C329AD2A145033008F9CBF /* Resources */,
				77C329AC2A14501D008F9CBF /* Models */,
				77C329AB2A145017008F9CBF /* VIewModels */,
				77C329A92A145004008F9CBF /* Views */,
				77C329A02A12FABB008F9CBF /* Controllers */,
				77C3298C2A12F97C008F9CBF /* AppDelegate.swift */,
				77C3298E2A12F97C008F9CBF /* SceneDelegate.swift */,
				77C329952A12F97D008F9CBF /* Assets.xcassets */,
				77C329972A12F97D008F9CBF /* LaunchScreen.storyboard */,
				77C3299A2A12F97D008F9CBF /* Info.plist */,
			);
			path = Netflix;
			sourceTree = "<group>";
		};
		77C329A02A12FABB008F9CBF /* Controllers */ = {
			isa = PBXGroup;
			children = (
				77C329902A12F97C008F9CBF /* MainTabBarViewController.swift */,
				77C329A12A12FAD7008F9CBF /* HomeViewController.swift */,
				77C329A32A12FAEC008F9CBF /* UpcomingViewController.swift */,
				77C329A52A12FB00008F9CBF /* SearchViewController.swift */,
				77C329A72A12FB1C008F9CBF /* DownloadsViewController.swift */,
			);
			path = Controllers;
			sourceTree = "<group>";
		};
		77C329A92A145004008F9CBF /* Views */ = {
			isa = PBXGroup;
			children = (
				77C329AF2A14505B008F9CBF /* CollectionViewTableViewCell.swift */,
				77C1EC942A1AE3EE004597D4 /* HeroHeaderUIVIew.swift */,
			);
			path = Views;
			sourceTree = "<group>";
		};
		77C329AB2A145017008F9CBF /* VIewModels */ = {
			isa = PBXGroup;
			children = (
			);
			path = VIewModels;
			sourceTree = "<group>";
		};
		77C329AC2A14501D008F9CBF /* Models */ = {
			isa = PBXGroup;
			children = (
				779401C92A24F5AD0074F61B /* Movies.swift */,
				779401CB2A24F5BE0074F61B /* TrendingMovies.swift */,
			);
			path = Models;
			sourceTree = "<group>";
		};
		77C329AD2A145033008F9CBF /* Resources */ = {
			isa = PBXGroup;
			children = (
				779401C72A24EF350074F61B /* APICaller.swift */,
			);
			path = Resources;
			sourceTree = "<group>";
		};
		77C329AE2A145039008F9CBF /* Managers */ = {
			isa = PBXGroup;
			children = (
			);
			name = Managers;
			sourceTree = "<group>";
		};
/* End PBXGroup section */

/* Begin PBXNativeTarget section */
		77C329882A12F97C008F9CBF /* Netflix */ = {
			isa = PBXNativeTarget;
			buildConfigurationList = 77C3299D2A12F97D008F9CBF /* Build configuration list for PBXNativeTarget "Netflix" */;
			buildPhases = (
				77C329852A12F97C008F9CBF /* Sources */,
				77C329862A12F97C008F9CBF /* Frameworks */,
				77C329872A12F97C008F9CBF /* Resources */,
			);
			buildRules = (
			);
			dependencies = (
			);
			name = Netflix;
			productName = Netflix;
			productReference = 77C329892A12F97C008F9CBF /* Netflix.app */;
			productType = "com.apple.product-type.application";
		};
/* End PBXNativeTarget section */

/* Begin PBXProject section */
		77C329812A12F97C008F9CBF /* Project object */ = {
			isa = PBXProject;
			attributes = {
				BuildIndependentTargetsInParallel = 1;
				LastSwiftUpdateCheck = 1430;
				LastUpgradeCheck = 1430;
				TargetAttributes = {
					77C329882A12F97C008F9CBF = {
						CreatedOnToolsVersion = 14.3;
					};
				};
			};
			buildConfigurationList = 77C329842A12F97C008F9CBF /* Build configuration list for PBXProject "Netflix" */;
			compatibilityVersion = "Xcode 14.0";
			developmentRegion = en;
			hasScannedForEncodings = 0;
			knownRegions = (
				en,
				Base,
			);
			mainGroup = 77C329802A12F97C008F9CBF;
			productRefGroup = 77C3298A2A12F97C008F9CBF /* Products */;
			projectDirPath = "";
			projectRoot = "";
			targets = (
				77C329882A12F97C008F9CBF /* Netflix */,
			);
		};
/* End PBXProject section */

/* Begin PBXResourcesBuildPhase section */
		77C329872A12F97C008F9CBF /* Resources */ = {
			isa = PBXResourcesBuildPhase;
			buildActionMask = 2147483647;
			files = (
				77C329992A12F97D008F9CBF /* LaunchScreen.storyboard in Resources */,
				77C329962A12F97D008F9CBF /* Assets.xcassets in Resources */,
			);
			runOnlyForDeploymentPostprocessing = 0;
		};
/* End PBXResourcesBuildPhase section */

/* Begin PBXSourcesBuildPhase section */
		77C329852A12F97C008F9CBF /* Sources */ = {
			isa = PBXSourcesBuildPhase;
			buildActionMask = 2147483647;
			files = (
				77C329A62A12FB00008F9CBF /* SearchViewController.swift in Sources */,
				779401CC2A24F5BE0074F61B /* TrendingMovies.swift in Sources */,
				779401CA2A24F5AD0074F61B /* Movies.swift in Sources */,
				77C329912A12F97C008F9CBF /* MainTabBarViewController.swift in Sources */,
				77C1EC952A1AE3EE004597D4 /* HeroHeaderUIVIew.swift in Sources */,
				779401C82A24EF350074F61B /* APICaller.swift in Sources */,
				77C329B02A14505B008F9CBF /* CollectionViewTableViewCell.swift in Sources */,
				77C329A82A12FB1C008F9CBF /* DownloadsViewController.swift in Sources */,
				77C3298D2A12F97C008F9CBF /* AppDelegate.swift in Sources */,
				77C3298F2A12F97C008F9CBF /* SceneDelegate.swift in Sources */,
				77C329A42A12FAEC008F9CBF /* UpcomingViewController.swift in Sources */,
				77C329A22A12FAD7008F9CBF /* HomeViewController.swift in Sources */,
			);
			runOnlyForDeploymentPostprocessing = 0;
		};
/* End PBXSourcesBuildPhase section */

/* Begin PBXVariantGroup section */
		77C329972A12F97D008F9CBF /* LaunchScreen.storyboard */ = {
			isa = PBXVariantGroup;
			children = (
				77C329982A12F97D008F9CBF /* Base */,
			);
			name = LaunchScreen.storyboard;
			sourceTree = "<group>";
		};
/* End PBXVariantGroup section */

/* Begin XCBuildConfiguration section */
		77C3299B2A12F97D008F9CBF /* Debug */ = {
			isa = XCBuildConfiguration;
			buildSettings = {
				ALWAYS_SEARCH_USER_PATHS = NO;
				CLANG_ANALYZER_NONNULL = YES;
				CLANG_ANALYZER_NUMBER_OBJECT_CONVERSION = YES_AGGRESSIVE;
				CLANG_CXX_LANGUAGE_STANDARD = "gnu++20";
				CLANG_ENABLE_MODULES = YES;
				CLANG_ENABLE_OBJC_ARC = YES;
				CLANG_ENABLE_OBJC_WEAK = YES;
				CLANG_WARN_BLOCK_CAPTURE_AUTORELEASING = YES;
				CLANG_WARN_BOOL_CONVERSION = YES;
				CLANG_WARN_COMMA = YES;
				CLANG_WARN_CONSTANT_CONVERSION = YES;
				CLANG_WARN_DEPRECATED_OBJC_IMPLEMENTATIONS = YES;
				CLANG_WARN_DIRECT_OBJC_ISA_USAGE = YES_ERROR;
				CLANG_WARN_DOCUMENTATION_COMMENTS = YES;
				CLANG_WARN_EMPTY_BODY = YES;
				CLANG_WARN_ENUM_CONVERSION = YES;
				CLANG_WARN_INFINITE_RECURSION = YES;
				CLANG_WARN_INT_CONVERSION = YES;
				CLANG_WARN_NON_LITERAL_NULL_CONVERSION = YES;
				CLANG_WARN_OBJC_IMPLICIT_RETAIN_SELF = YES;
				CLANG_WARN_OBJC_LITERAL_CONVERSION = YES;
				CLANG_WARN_OBJC_ROOT_CLASS = YES_ERROR;
				CLANG_WARN_QUOTED_INCLUDE_IN_FRAMEWORK_HEADER = YES;
				CLANG_WARN_RANGE_LOOP_ANALYSIS = YES;
				CLANG_WARN_STRICT_PROTOTYPES = YES;
				CLANG_WARN_SUSPICIOUS_MOVE = YES;
				CLANG_WARN_UNGUARDED_AVAILABILITY = YES_AGGRESSIVE;
				CLANG_WARN_UNREACHABLE_CODE = YES;
				CLANG_WARN__DUPLICATE_METHOD_MATCH = YES;
				COPY_PHASE_STRIP = NO;
				DEBUG_INFORMATION_FORMAT = dwarf;
				ENABLE_STRICT_OBJC_MSGSEND = YES;
				ENABLE_TESTABILITY = YES;
				GCC_C_LANGUAGE_STANDARD = gnu11;
				GCC_DYNAMIC_NO_PIC = NO;
				GCC_NO_COMMON_BLOCKS = YES;
				GCC_OPTIMIZATION_LEVEL = 0;
				GCC_PREPROCESSOR_DEFINITIONS = (
					"DEBUG=1",
					"$(inherited)",
				);
				GCC_WARN_64_TO_32_BIT_CONVERSION = YES;
				GCC_WARN_ABOUT_RETURN_TYPE = YES_ERROR;
				GCC_WARN_UNDECLARED_SELECTOR = YES;
				GCC_WARN_UNINITIALIZED_AUTOS = YES_AGGRESSIVE;
				GCC_WARN_UNUSED_FUNCTION = YES;
				GCC_WARN_UNUSED_VARIABLE = YES;
				IPHONEOS_DEPLOYMENT_TARGET = 16.4;
				MTL_ENABLE_DEBUG_INFO = INCLUDE_SOURCE;
				MTL_FAST_MATH = YES;
				ONLY_ACTIVE_ARCH = YES;
				SDKROOT = iphoneos;
				SWIFT_ACTIVE_COMPILATION_CONDITIONS = DEBUG;
				SWIFT_OPTIMIZATION_LEVEL = "-Onone";
			};
			name = Debug;
		};
		77C3299C2A12F97D008F9CBF /* Release */ = {
			isa = XCBuildConfiguration;
			buildSettings = {
				ALWAYS_SEARCH_USER_PATHS = NO;
				CLANG_ANALYZER_NONNULL = YES;
				CLANG_ANALYZER_NUMBER_OBJECT_CONVERSION = YES_AGGRESSIVE;
				CLANG_CXX_LANGUAGE_STANDARD = "gnu++20";
				CLANG_ENABLE_MODULES = YES;
				CLANG_ENABLE_OBJC_ARC = YES;
				CLANG_ENABLE_OBJC_WEAK = YES;
				CLANG_WARN_BLOCK_CAPTURE_AUTORELEASING = YES;
				CLANG_WARN_BOOL_CONVERSION = YES;
				CLANG_WARN_COMMA = YES;
				CLANG_WARN_CONSTANT_CONVERSION = YES;
				CLANG_WARN_DEPRECATED_OBJC_IMPLEMENTATIONS = YES;
				CLANG_WARN_DIRECT_OBJC_ISA_USAGE = YES_ERROR;
				CLANG_WARN_DOCUMENTATION_COMMENTS = YES;
				CLANG_WARN_EMPTY_BODY = YES;
				CLANG_WARN_ENUM_CONVERSION = YES;
				CLANG_WARN_INFINITE_RECURSION = YES;
				CLANG_WARN_INT_CONVERSION = YES;
				CLANG_WARN_NON_LITERAL_NULL_CONVERSION = YES;
				CLANG_WARN_OBJC_IMPLICIT_RETAIN_SELF = YES;
				CLANG_WARN_OBJC_LITERAL_CONVERSION = YES;
				CLANG_WARN_OBJC_ROOT_CLASS = YES_ERROR;
				CLANG_WARN_QUOTED_INCLUDE_IN_FRAMEWORK_HEADER = YES;
				CLANG_WARN_RANGE_LOOP_ANALYSIS = YES;
				CLANG_WARN_STRICT_PROTOTYPES = YES;
				CLANG_WARN_SUSPICIOUS_MOVE = YES;
				CLANG_WARN_UNGUARDED_AVAILABILITY = YES_AGGRESSIVE;
				CLANG_WARN_UNREACHABLE_CODE = YES;
				CLANG_WARN__DUPLICATE_METHOD_MATCH = YES;
				COPY_PHASE_STRIP = NO;
				DEBUG_INFORMATION_FORMAT = "dwarf-with-dsym";
				ENABLE_NS_ASSERTIONS = NO;
				ENABLE_STRICT_OBJC_MSGSEND = YES;
				GCC_C_LANGUAGE_STANDARD = gnu11;
				GCC_NO_COMMON_BLOCKS = YES;
				GCC_WARN_64_TO_32_BIT_CONVERSION = YES;
				GCC_WARN_ABOUT_RETURN_TYPE = YES_ERROR;
				GCC_WARN_UNDECLARED_SELECTOR = YES;
				GCC_WARN_UNINITIALIZED_AUTOS = YES_AGGRESSIVE;
				GCC_WARN_UNUSED_FUNCTION = YES;
				GCC_WARN_UNUSED_VARIABLE = YES;
				IPHONEOS_DEPLOYMENT_TARGET = 16.4;
				MTL_ENABLE_DEBUG_INFO = NO;
				MTL_FAST_MATH = YES;
				SDKROOT = iphoneos;
				SWIFT_COMPILATION_MODE = wholemodule;
				SWIFT_OPTIMIZATION_LEVEL = "-O";
				VALIDATE_PRODUCT = YES;
			};
			name = Release;
		};
		77C3299E2A12F97D008F9CBF /* Debug */ = {
			isa = XCBuildConfiguration;
			buildSettings = {
				ASSETCATALOG_COMPILER_APPICON_NAME = AppIcon;
				ASSETCATALOG_COMPILER_GLOBAL_ACCENT_COLOR_NAME = AccentColor;
				CODE_SIGN_STYLE = Automatic;
				CURRENT_PROJECT_VERSION = 1;
				DEVELOPMENT_TEAM = MGAFX9264K;
				GENERATE_INFOPLIST_FILE = YES;
				INFOPLIST_FILE = Netflix/Info.plist;
				INFOPLIST_KEY_UIApplicationSupportsIndirectInputEvents = YES;
				INFOPLIST_KEY_UILaunchStoryboardName = LaunchScreen;
				INFOPLIST_KEY_UISupportedInterfaceOrientations_iPad = "UIInterfaceOrientationPortrait UIInterfaceOrientationPortraitUpsideDown UIInterfaceOrientationLandscapeLeft UIInterfaceOrientationLandscapeRight";
				INFOPLIST_KEY_UISupportedInterfaceOrientations_iPhone = "UIInterfaceOrientationPortrait UIInterfaceOrientationLandscapeLeft UIInterfaceOrientationLandscapeRight";
				LD_RUNPATH_SEARCH_PATHS = (
					"$(inherited)",
					"@executable_path/Frameworks",
				);
				MARKETING_VERSION = 1.0;
				PRODUCT_BUNDLE_IDENTIFIER = com.thaddeus.Netflix;
				PRODUCT_NAME = "$(TARGET_NAME)";
				SWIFT_EMIT_LOC_STRINGS = YES;
				SWIFT_VERSION = 5.0;
				TARGETED_DEVICE_FAMILY = "1,2";
			};
			name = Debug;
		};
		77C3299F2A12F97D008F9CBF /* Release */ = {
			isa = XCBuildConfiguration;
			buildSettings = {
				ASSETCATALOG_COMPILER_APPICON_NAME = AppIcon;
				ASSETCATALOG_COMPILER_GLOBAL_ACCENT_COLOR_NAME = AccentColor;
				CODE_SIGN_STYLE = Automatic;
				CURRENT_PROJECT_VERSION = 1;
				DEVELOPMENT_TEAM = MGAFX9264K;
				GENERATE_INFOPLIST_FILE = YES;
				INFOPLIST_FILE = Netflix/Info.plist;
				INFOPLIST_KEY_UIApplicationSupportsIndirectInputEvents = YES;
				INFOPLIST_KEY_UILaunchStoryboardName = LaunchScreen;
				INFOPLIST_KEY_UISupportedInterfaceOrientations_iPad = "UIInterfaceOrientationPortrait UIInterfaceOrientationPortraitUpsideDown UIInterfaceOrientationLandscapeLeft UIInterfaceOrientationLandscapeRight";
				INFOPLIST_KEY_UISupportedInterfaceOrientations_iPhone = "UIInterfaceOrientationPortrait UIInterfaceOrientationLandscapeLeft UIInterfaceOrientationLandscapeRight";
				LD_RUNPATH_SEARCH_PATHS = (
					"$(inherited)",
					"@executable_path/Frameworks",
				);
				MARKETING_VERSION = 1.0;
				PRODUCT_BUNDLE_IDENTIFIER = com.thaddeus.Netflix;
				PRODUCT_NAME = "$(TARGET_NAME)";
				SWIFT_EMIT_LOC_STRINGS = YES;
				SWIFT_VERSION = 5.0;
				TARGETED_DEVICE_FAMILY = "1,2";
			};
			name = Release;
		};
/* End XCBuildConfiguration section */

/* Begin XCConfigurationList section */
		77C329842A12F97C008F9CBF /* Build configuration list for PBXProject "Netflix" */ = {
			isa = XCConfigurationList;
			buildConfigurations = (
				77C3299B2A12F97D008F9CBF /* Debug */,
				77C3299C2A12F97D008F9CBF /* Release */,
			);
			defaultConfigurationIsVisible = 0;
			defaultConfigurationName = Release;
		};
		77C3299D2A12F97D008F9CBF /* Build configuration list for PBXNativeTarget "Netflix" */ = {
			isa = XCConfigurationList;
			buildConfigurations = (
				77C3299E2A12F97D008F9CBF /* Debug */,
				77C3299F2A12F97D008F9CBF /* Release */,
			);
			defaultConfigurationIsVisible = 0;
			defaultConfigurationName = Release;
		};
/* End XCConfigurationList section */
	};
	rootObject = 77C329812A12F97C008F9CBF /* Project object */;
}
